
Microsoft Visual Studio Solution File, Format Version 12.00
# Visual Studio Version 16
VisualStudioVersion = 16.0.29418.71
MinimumVisualStudioVersion = 10.0.40219.1
Project("{FAE04EC0-301F-11D3-BF4B-00C04F79EFBC}") = "CommunicationModule", "CommunicationModule.csproj", "{D4FAB9D1-124A-4038-97A5-949B2FECA957}"
EndProject
Global
	GlobalSection(SolutionConfigurationPlatforms) = preSolution
		Debug|Any CPU = Debug|Any CPU
		Release|Any CPU = Release|Any CPU
	EndGlobalSection
	GlobalSection(ProjectConfigurationPlatforms) = postSolution
		{D4FAB9D1-124A-4038-97A5-949B2FECA957}.Debug|Any CPU.ActiveCfg = Debug|Any CPU
		{D4FAB9D1-124A-4038-97A5-949B2FECA957}.Debug|Any CPU.Build.0 = Debug|Any CPU
		{D4FAB9D1-124A-4038-97A5-949B2FECA957}.Release|Any CPU.ActiveCfg = Release|Any CPU
		{D4FAB9D1-124A-4038-97A5-949B2FECA957}.Release|Any CPU.Build.0 = Release|Any CPU
	EndGlobalSection
	GlobalSection(SolutionProperties) = preSolution
		HideSolutionNode = FALSE
	EndGlobalSection
	GlobalSection(ExtensibilityGlobals) = postSolution
		SolutionGuid = {AE438453-7488-4594-9F46-B308BF044DE8}
	EndGlobalSection
EndGlobal
